
Microsoft Visual Studio Solution File, Format Version 12.00
# Visual Studio Version 17
VisualStudioVersion = 17.13.35806.99 d17.13
MinimumVisualStudioVersion = 10.0.40219.1
Project("{FAE04EC0-301F-11D3-BF4B-00C04F79EFBC}") = "Techcart", "WebApplication2\Techcart.csproj", "{6F201096-916B-4FDB-8CE6-8D6AB8FFDE23}"
EndProject
Global
	GlobalSection(SolutionConfigurationPlatforms) = preSolution
		Debug|Any CPU = Debug|Any CPU
		Release|Any CPU = Release|Any CPU
	EndGlobalSection
	GlobalSection(ProjectConfigurationPlatforms) = postSolution
		{6F201096-916B-4FDB-8CE6-8D6AB8FFDE23}.Debug|Any CPU.ActiveCfg = Debug|Any CPU
		{6F201096-916B-4FDB-8CE6-8D6AB8FFDE23}.Debug|Any CPU.Build.0 = Debug|Any CPU
		{6F201096-916B-4FDB-8CE6-8D6AB8FFDE23}.Release|Any CPU.ActiveCfg = Release|Any CPU
		{6F201096-916B-4FDB-8CE6-8D6AB8FFDE23}.Release|Any CPU.Build.0 = Release|Any CPU
	EndGlobalSection
	GlobalSection(SolutionProperties) = preSolution
		HideSolutionNode = FALSE
	EndGlobalSection
	GlobalSection(ExtensibilityGlobals) = postSolution
		SolutionGuid = {80A87DD2-80F9-49E7-A273-7C5B94B1C1D5}
	EndGlobalSection
EndGlobal
